{
  "version": 4,
  "terraform_version": "0.12.28",
  "serial": 20,
  "lineage": "97344516-f738-e28c-35a3-cce32dea2947",
  "outputs": {},
  "resources": [
    {
      "module": "module.bucket",
      "mode": "managed",
      "type": "google_storage_bucket",
      "name": "bucket",
      "provider": "provider.google",
      "instances": [
        {
          "schema_version": 0,
          "attributes": {
            "bucket_policy_only": true,
            "cors": [],
            "default_event_based_hold": false,
            "encryption": [],
            "force_destroy": false,
            "id": "neustar_main_bucket",
            "labels": null,
            "lifecycle_rule": [
              {
                "action": [
                  {
                    "storage_class": "",
                    "type": "Delete"
                  }
                ],
                "condition": [
                  {
                    "age": 365,
                    "created_before": "",
                    "matches_storage_class": [],
                    "num_newer_versions": null,
                    "with_state": "ANY"
                  }
                ]
              }
            ],
            "location": "US-EAST1",
            "logging": [],
            "name": "neustar_main_bucket",
            "project": "neustar-287611",
            "requester_pays": false,
            "retention_policy": [],
            "self_link": "https://www.googleapis.com/storage/v1/b/neustar_main_bucket",
            "storage_class": "STANDARD",
            "uniform_bucket_level_access": true,
            "url": "gs://neustar_main_bucket",
            "versioning": [
              {
                "enabled": true
              }
            ],
            "website": []
          },
          "private": "bnVsbA=="
        }
      ]
    },
    {
      "module": "module.bucket",
      "mode": "managed",
      "type": "google_storage_bucket_iam_member",
      "name": "members",
      "each": "map",
      "provider": "provider.google",
      "instances": [
        {
          "index_key": "roles/storage.objectViewer user:madhuri.kotha@zemosolabs.com",
          "schema_version": 0,
          "attributes": {
            "bucket": "b/neustar_main_bucket",
            "condition": [],
            "etag": "CAM=",
            "id": "b/neustar_main_bucket/roles/storage.objectViewer/user:madhuri.kotha@zemosolabs.com",
            "member": "user:madhuri.kotha@zemosolabs.com",
            "role": "roles/storage.objectViewer"
          },
          "private": "bnVsbA==",
          "dependencies": [
            "module.bucket.google_storage_bucket.bucket"
          ]
        },
        {
          "index_key": "roles/storage.objectViewer user:vishal.goney@zemosolabs.com",
          "schema_version": 0,
          "attributes": {
            "bucket": "b/neustar_main_bucket",
            "condition": [],
            "etag": "CAM=",
            "id": "b/neustar_main_bucket/roles/storage.objectViewer/user:vishal.goney@zemosolabs.com",
            "member": "user:vishal.goney@zemosolabs.com",
            "role": "roles/storage.objectViewer"
          },
          "private": "bnVsbA==",
          "dependencies": [
            "module.bucket.google_storage_bucket.bucket"
          ]
        }
      ]
    }
  ]
}
